
Microsoft Visual Studio Solution File, Format Version 12.00
# Visual Studio Version 17
VisualStudioVersion = 17.11.35303.130
MinimumVisualStudioVersion = 10.0.40219.1
Project("{8BC9CEB8-8B4A-11D0-8D11-00A0C91BC942}") = "5주차", "5주차.vcxproj", "{6283C1F1-E661-4002-9CF2-26F1D64B1808}"
EndProject
Global
	GlobalSection(SolutionConfigurationPlatforms) = preSolution
		Debug|x64 = Debug|x64
		Debug|x86 = Debug|x86
		Release|x64 = Release|x64
		Release|x86 = Release|x86
	EndGlobalSection
	GlobalSection(ProjectConfigurationPlatforms) = postSolution
		{6283C1F1-E661-4002-9CF2-26F1D64B1808}.Debug|x64.ActiveCfg = Debug|x64
		{6283C1F1-E661-4002-9CF2-26F1D64B1808}.Debug|x64.Build.0 = Debug|x64
		{6283C1F1-E661-4002-9CF2-26F1D64B1808}.Debug|x86.ActiveCfg = Debug|Win32
		{6283C1F1-E661-4002-9CF2-26F1D64B1808}.Debug|x86.Build.0 = Debug|Win32
		{6283C1F1-E661-4002-9CF2-26F1D64B1808}.Release|x64.ActiveCfg = Release|x64
		{6283C1F1-E661-4002-9CF2-26F1D64B1808}.Release|x64.Build.0 = Release|x64
		{6283C1F1-E661-4002-9CF2-26F1D64B1808}.Release|x86.ActiveCfg = Release|Win32
		{6283C1F1-E661-4002-9CF2-26F1D64B1808}.Release|x86.Build.0 = Release|Win32
	EndGlobalSection
	GlobalSection(SolutionProperties) = preSolution
		HideSolutionNode = FALSE
	EndGlobalSection
	GlobalSection(ExtensibilityGlobals) = postSolution
		SolutionGuid = {799CED28-19E7-4C38-BFF9-5C66FA040365}
	EndGlobalSection
EndGlobal
